schema: '2.0'
stages:
  data_ingestion:
    cmd: python -m src.ToxicCommentClassifier.pipeline.stage_01_data_ingestion
    deps:
    - path: config/config.yaml
      hash: md5
      md5: dc23bc56a6774d8622d890cc7df38457
      size: 1859
    - path: src/ToxicCommentClassifier/components/data_ingestion.py
      hash: md5
      md5: 1abbdacd666e9d100a631420017c9b57
      size: 2788
    - path: src/ToxicCommentClassifier/pipeline/stage_01_data_ingestion.py
      hash: md5
      md5: 07360c44617f01bff2c8a7ef2d0d7417
      size: 911
    outs:
    - path: artifacts/data_ingestion/test.csv
      hash: md5
      md5: 4738b9a9b8fe11385c73297ef320e5fe
      size: 64224049
    - path: artifacts/data_ingestion/train.csv
      hash: md5
      md5: 9a1b738a7fa7de6343cae3f07adb1364
      size: 68586250
  data_preprocessing:
    cmd: python -m 
      src.ToxicCommentClassifier.pipeline.stage_02_data_preprocessing
    deps:
    - path: artifacts/data_ingestion/test.csv
      hash: md5
      md5: 4738b9a9b8fe11385c73297ef320e5fe
      size: 64224049
    - path: artifacts/data_ingestion/train.csv
      hash: md5
      md5: 9a1b738a7fa7de6343cae3f07adb1364
      size: 68586250
    - path: config/config.yaml
      hash: md5
      md5: dc23bc56a6774d8622d890cc7df38457
      size: 1859
    - path: src/ToxicCommentClassifier/components/data_preprocessing.py
      hash: md5
      md5: 2cafeef31630358194e966df23f446a0
      size: 5055
    - path: src/ToxicCommentClassifier/pipeline/stage_02_data_preprocessing.py
      hash: md5
      md5: 26ef5976bdcc7c592ff0a0e32796538f
      size: 960
    params:
      params.yaml:
        DataPreprocessing.char_max_features: 60000
        DataPreprocessing.char_min_df: 2
        DataPreprocessing.char_ngram_range:
        - 3
        - 5
        DataPreprocessing.random_state: 42
        DataPreprocessing.test_size: 0.2
        DataPreprocessing.word_max_features: 50000
        DataPreprocessing.word_min_df: 2
        DataPreprocessing.word_ngram_range:
        - 1
        - 2
    outs:
    - path: artifacts/data_preprocessing/preprocessed_blind_test.joblib
      hash: md5
      md5: 2443ca744b0f92a0661480cf94595ee5
      size: 568956044
    - path: artifacts/data_preprocessing/preprocessed_test.joblib
      hash: md5
      md5: 7b9de4480ee3b664ecc5ffa107a83c9e
      size: 298887012
    - path: artifacts/data_preprocessing/preprocessed_train.joblib
      hash: md5
      md5: 8f6d1797384422c2ea6b8e74744cdcfd
      size: 1196310348
    - path: artifacts/data_preprocessing/vectorizer.joblib
      hash: md5
      md5: 66db8442110bcb2742f4e9aa6ebae3f7
      size: 4056143
  model_training:
    cmd: python -m src.ToxicCommentClassifier.pipeline.stage_03_model_training
    deps:
    - path: artifacts/data_preprocessing/preprocessed_test.joblib
      hash: md5
      md5: 7b9de4480ee3b664ecc5ffa107a83c9e
      size: 298887012
    - path: artifacts/data_preprocessing/preprocessed_train.joblib
      hash: md5
      md5: 8f6d1797384422c2ea6b8e74744cdcfd
      size: 1196310348
    - path: config/config.yaml
      hash: md5
      md5: dc23bc56a6774d8622d890cc7df38457
      size: 1859
    - path: src/ToxicCommentClassifier/components/model_training.py
      hash: md5
      md5: a7c2cdda21612fe66ddb8d6a79b9812b
      size: 2616
    - path: src/ToxicCommentClassifier/pipeline/stage_03_model_training.py
      hash: md5
      md5: c9945aa1437f420447a9a5e3b283c168
      size: 1132
    params:
      params.yaml:
        ModelTraining.C: 0.5
        ModelTraining.max_iter: 1
        ModelTraining.n_jobs: 1
        ModelTraining.solver: saga
        ModelTraining.verbose: 1
    outs:
    - path: artifacts/model_training/model.joblib
      hash: md5
      md5: 7b74e7f05a1ca195b4a36950f172d758
      size: 5284117
  model_evaluation:
    cmd: python -m src.ToxicCommentClassifier.pipeline.stage_04_model_evaluation
    deps:
    - path: artifacts/data_preprocessing/preprocessed_blind_test.joblib
      hash: md5
      md5: 2443ca744b0f92a0661480cf94595ee5
      size: 568956044
    - path: artifacts/model_training/model.joblib
      hash: md5
      md5: 7b74e7f05a1ca195b4a36950f172d758
      size: 5284117
    - path: config/config.yaml
      hash: md5
      md5: dc23bc56a6774d8622d890cc7df38457
      size: 1859
    - path: src/ToxicCommentClassifier/components/model_evaluation.py
      hash: md5
      md5: 4e3b1b2345b8d856d61a2d7676b75dba
      size: 3442
    - path: src/ToxicCommentClassifier/pipeline/stage_04_model_evaluation.py
      hash: md5
      md5: 8467bbeb16bed7ab70e4a0d388b8e03e
      size: 920
    outs:
    - path: artifacts/model_evaluation/metrics.json
      hash: md5
      md5: d1892ab72503ce7731b85464eb94e5e4
      size: 1609
  bilstm_training:
    cmd: python -m src.ToxicCommentClassifier.pipeline.stage_05_bilstm_training
    deps:
    - path: artifacts/data_ingestion/train.csv
      hash: md5
      md5: 9a1b738a7fa7de6343cae3f07adb1364
      size: 68586250
    - path: config/config.yaml
      hash: md5
      md5: dc23bc56a6774d8622d890cc7df38457
      size: 1859
    - path: src/ToxicCommentClassifier/components/bilstm_training.py
      hash: md5
      md5: e639b26d506ab20dc4fbcfe4484581d4
      size: 8771
    - path: src/ToxicCommentClassifier/pipeline/stage_05_bilstm_training.py
      hash: md5
      md5: 0bd0b711dbe59a3ecd4db6251c3daa33
      size: 1103
    params:
      params.yaml:
        BiLSTMTraining.batch_size: 256
        BiLSTMTraining.dropout: 0.3
        BiLSTMTraining.embedding_dim: 300
        BiLSTMTraining.epochs: 10
        BiLSTMTraining.learning_rate: 0.001
        BiLSTMTraining.lstm_units: 128
        BiLSTMTraining.max_seq_len: 150
        BiLSTMTraining.spatial_dropout: 0.2
    outs:
    - path: artifacts/bilstm_training/bilstm_model.keras
      hash: md5
      md5: 0caabdcc1241913c24d15cb8ecd15ec9
      size: 29523304
    - path: artifacts/bilstm_training/keras_tokenizer.joblib
      hash: md5
      md5: 297ee520b45cb6b183cfdf0f42da8253
      size: 8498465
    - path: artifacts/bilstm_training/optimal_thresholds.joblib
      hash: md5
      md5: 04e046e9c545ca5275c61f47a41a3835
      size: 137
  bilstm_evaluation:
    cmd: python -m 
      src.ToxicCommentClassifier.pipeline.stage_06_bilstm_evaluation
    deps:
    - path: artifacts/bilstm_training/bilstm_model.keras
      hash: md5
      md5: 0caabdcc1241913c24d15cb8ecd15ec9
      size: 29523304
    - path: artifacts/bilstm_training/keras_tokenizer.joblib
      hash: md5
      md5: 297ee520b45cb6b183cfdf0f42da8253
      size: 8498465
    - path: artifacts/bilstm_training/optimal_thresholds.joblib
      hash: md5
      md5: 04e046e9c545ca5275c61f47a41a3835
      size: 137
    - path: artifacts/data_ingestion/test.csv
      hash: md5
      md5: 4738b9a9b8fe11385c73297ef320e5fe
      size: 64224049
    - path: config/config.yaml
      hash: md5
      md5: dc23bc56a6774d8622d890cc7df38457
      size: 1859
    - path: src/ToxicCommentClassifier/components/bilstm_evaluation.py
      hash: md5
      md5: 590aca96d4984c765bd8c0e09661ece6
      size: 5610
    - path: src/ToxicCommentClassifier/pipeline/stage_06_bilstm_evaluation.py
      hash: md5
      md5: 94baf39452a7dbfab32b0f208f8a38de
      size: 932
    params:
      params.yaml:
        BiLSTMTraining.max_seq_len: 150
    outs:
    - path: artifacts/bilstm_evaluation/metrics.json
      hash: md5
      md5: f76801fe4c493e63c547d49d3916f879
      size: 1607
